
Microsoft Visual Studio Solution File, Format Version 12.00
# Visual Studio Version 17
VisualStudioVersion = 17.0.31903.59
MinimumVisualStudioVersion = 10.0.40219.1
Project("{2150E333-8FDC-42A3-9474-1A3956D46DE8}") = "src", "src", "{827E0CD3-B72D-47B6-A68D-7590B98EB39B}"
EndProject
Project("{FAE04EC0-301F-11D3-BF4B-00C04F79EFBC}") = "MldevDashboard.Api", "src\MldevDashboard.Api\MldevDashboard.Api.csproj", "{A2308B97-4F83-4DD5-9576-36A2224EC1E2}"
EndProject
Project("{FAE04EC0-301F-11D3-BF4B-00C04F79EFBC}") = "MldevDashboard.Application", "src\MldevDashboard.Application\MldevDashboard.Application.csproj", "{46541A8A-8FE7-471B-9521-764FD89CCF23}"
EndProject
Project("{FAE04EC0-301F-11D3-BF4B-00C04F79EFBC}") = "MldevDashboard.Domain", "src\MldevDashboard.Domain\MldevDashboard.Domain.csproj", "{079BB41E-8AFF-4E35-9889-C28F5F3B98EA}"
EndProject
Project("{FAE04EC0-301F-11D3-BF4B-00C04F79EFBC}") = "MldevDashboard.Infrastructure", "src\MldevDashboard.Infrastructure\MldevDashboard.Infrastructure.csproj", "{70D9A37D-0919-4BB8-8C6B-4585EBE711D0}"
EndProject
Project("{2150E333-8FDC-42A3-9474-1A3956D46DE8}") = "tests", "tests", "{0C876930-7871-467B-B204-618261FA0BB0}"
EndProject
Project("{FAE04EC0-301F-11D3-BF4B-00C04F79EFBC}") = "MldevDashboard.Api.Tests", "tests\MldevDashboard.Api.Tests\MldevDashboard.Api.Tests.csproj", "{F8B69394-115A-485B-864A-479436FB6DDA}"
EndProject
Global
	GlobalSection(SolutionConfigurationPlatforms) = preSolution
		Debug|Any CPU = Debug|Any CPU
		Debug|x64 = Debug|x64
		Debug|x86 = Debug|x86
		Release|Any CPU = Release|Any CPU
		Release|x64 = Release|x64
		Release|x86 = Release|x86
	EndGlobalSection
	GlobalSection(ProjectConfigurationPlatforms) = postSolution
		{A2308B97-4F83-4DD5-9576-36A2224EC1E2}.Debug|Any CPU.ActiveCfg = Debug|Any CPU
		{A2308B97-4F83-4DD5-9576-36A2224EC1E2}.Debug|Any CPU.Build.0 = Debug|Any CPU
		{A2308B97-4F83-4DD5-9576-36A2224EC1E2}.Debug|x64.ActiveCfg = Debug|Any CPU
		{A2308B97-4F83-4DD5-9576-36A2224EC1E2}.Debug|x64.Build.0 = Debug|Any CPU
		{A2308B97-4F83-4DD5-9576-36A2224EC1E2}.Debug|x86.ActiveCfg = Debug|Any CPU
		{A2308B97-4F83-4DD5-9576-36A2224EC1E2}.Debug|x86.Build.0 = Debug|Any CPU
		{A2308B97-4F83-4DD5-9576-36A2224EC1E2}.Release|Any CPU.ActiveCfg = Release|Any CPU
		{A2308B97-4F83-4DD5-9576-36A2224EC1E2}.Release|Any CPU.Build.0 = Release|Any CPU
		{A2308B97-4F83-4DD5-9576-36A2224EC1E2}.Release|x64.ActiveCfg = Release|Any CPU
		{A2308B97-4F83-4DD5-9576-36A2224EC1E2}.Release|x64.Build.0 = Release|Any CPU
		{A2308B97-4F83-4DD5-9576-36A2224EC1E2}.Release|x86.ActiveCfg = Release|Any CPU
		{A2308B97-4F83-4DD5-9576-36A2224EC1E2}.Release|x86.Build.0 = Release|Any CPU
		{46541A8A-8FE7-471B-9521-764FD89CCF23}.Debug|Any CPU.ActiveCfg = Debug|Any CPU
		{46541A8A-8FE7-471B-9521-764FD89CCF23}.Debug|Any CPU.Build.0 = Debug|Any CPU
		{46541A8A-8FE7-471B-9521-764FD89CCF23}.Debug|x64.ActiveCfg = Debug|Any CPU
		{46541A8A-8FE7-471B-9521-764FD89CCF23}.Debug|x64.Build.0 = Debug|Any CPU
		{46541A8A-8FE7-471B-9521-764FD89CCF23}.Debug|x86.ActiveCfg = Debug|Any CPU
		{46541A8A-8FE7-471B-9521-764FD89CCF23}.Debug|x86.Build.0 = Debug|Any CPU
		{46541A8A-8FE7-471B-9521-764FD89CCF23}.Release|Any CPU.ActiveCfg = Release|Any CPU
		{46541A8A-8FE7-471B-9521-764FD89CCF23}.Release|Any CPU.Build.0 = Release|Any CPU
		{46541A8A-8FE7-471B-9521-764FD89CCF23}.Release|x64.ActiveCfg = Release|Any CPU
		{46541A8A-8FE7-471B-9521-764FD89CCF23}.Release|x64.Build.0 = Release|Any CPU
		{46541A8A-8FE7-471B-9521-764FD89CCF23}.Release|x86.ActiveCfg = Release|Any CPU
		{46541A8A-8FE7-471B-9521-764FD89CCF23}.Release|x86.Build.0 = Release|Any CPU
		{079BB41E-8AFF-4E35-9889-C28F5F3B98EA}.Debug|Any CPU.ActiveCfg = Debug|Any CPU
		{079BB41E-8AFF-4E35-9889-C28F5F3B98EA}.Debug|Any CPU.Build.0 = Debug|Any CPU
		{079BB41E-8AFF-4E35-9889-C28F5F3B98EA}.Debug|x64.ActiveCfg = Debug|Any CPU
		{079BB41E-8AFF-4E35-9889-C28F5F3B98EA}.Debug|x64.Build.0 = Debug|Any CPU
		{079BB41E-8AFF-4E35-9889-C28F5F3B98EA}.Debug|x86.ActiveCfg = Debug|Any CPU
		{079BB41E-8AFF-4E35-9889-C28F5F3B98EA}.Debug|x86.Build.0 = Debug|Any CPU
		{079BB41E-8AFF-4E35-9889-C28F5F3B98EA}.Release|Any CPU.ActiveCfg = Release|Any CPU
		{079BB41E-8AFF-4E35-9889-C28F5F3B98EA}.Release|Any CPU.Build.0 = Release|Any CPU
		{079BB41E-8AFF-4E35-9889-C28F5F3B98EA}.Release|x64.ActiveCfg = Release|Any CPU
		{079BB41E-8AFF-4E35-9889-C28F5F3B98EA}.Release|x64.Build.0 = Release|Any CPU
		{079BB41E-8AFF-4E35-9889-C28F5F3B98EA}.Release|x86.ActiveCfg = Release|Any CPU
		{079BB41E-8AFF-4E35-9889-C28F5F3B98EA}.Release|x86.Build.0 = Release|Any CPU
		{70D9A37D-0919-4BB8-8C6B-4585EBE711D0}.Debug|Any CPU.ActiveCfg = Debug|Any CPU
		{70D9A37D-0919-4BB8-8C6B-4585EBE711D0}.Debug|Any CPU.Build.0 = Debug|Any CPU
		{70D9A37D-0919-4BB8-8C6B-4585EBE711D0}.Debug|x64.ActiveCfg = Debug|Any CPU
		{70D9A37D-0919-4BB8-8C6B-4585EBE711D0}.Debug|x64.Build.0 = Debug|Any CPU
		{70D9A37D-0919-4BB8-8C6B-4585EBE711D0}.Debug|x86.ActiveCfg = Debug|Any CPU
		{70D9A37D-0919-4BB8-8C6B-4585EBE711D0}.Debug|x86.Build.0 = Debug|Any CPU
		{70D9A37D-0919-4BB8-8C6B-4585EBE711D0}.Release|Any CPU.ActiveCfg = Release|Any CPU
		{70D9A37D-0919-4BB8-8C6B-4585EBE711D0}.Release|Any CPU.Build.0 = Release|Any CPU
		{70D9A37D-0919-4BB8-8C6B-4585EBE711D0}.Release|x64.ActiveCfg = Release|Any CPU
		{70D9A37D-0919-4BB8-8C6B-4585EBE711D0}.Release|x64.Build.0 = Release|Any CPU
		{70D9A37D-0919-4BB8-8C6B-4585EBE711D0}.Release|x86.ActiveCfg = Release|Any CPU
		{70D9A37D-0919-4BB8-8C6B-4585EBE711D0}.Release|x86.Build.0 = Release|Any CPU
		{F8B69394-115A-485B-864A-479436FB6DDA}.Debug|Any CPU.ActiveCfg = Debug|Any CPU
		{F8B69394-115A-485B-864A-479436FB6DDA}.Debug|Any CPU.Build.0 = Debug|Any CPU
		{F8B69394-115A-485B-864A-479436FB6DDA}.Debug|x64.ActiveCfg = Debug|Any CPU
		{F8B69394-115A-485B-864A-479436FB6DDA}.Debug|x64.Build.0 = Debug|Any CPU
		{F8B69394-115A-485B-864A-479436FB6DDA}.Debug|x86.ActiveCfg = Debug|Any CPU
		{F8B69394-115A-485B-864A-479436FB6DDA}.Debug|x86.Build.0 = Debug|Any CPU
		{F8B69394-115A-485B-864A-479436FB6DDA}.Release|Any CPU.ActiveCfg = Release|Any CPU
		{F8B69394-115A-485B-864A-479436FB6DDA}.Release|Any CPU.Build.0 = Release|Any CPU
		{F8B69394-115A-485B-864A-479436FB6DDA}.Release|x64.ActiveCfg = Release|Any CPU
		{F8B69394-115A-485B-864A-479436FB6DDA}.Release|x64.Build.0 = Release|Any CPU
		{F8B69394-115A-485B-864A-479436FB6DDA}.Release|x86.ActiveCfg = Release|Any CPU
		{F8B69394-115A-485B-864A-479436FB6DDA}.Release|x86.Build.0 = Release|Any CPU
	EndGlobalSection
	GlobalSection(SolutionProperties) = preSolution
		HideSolutionNode = FALSE
	EndGlobalSection
	GlobalSection(NestedProjects) = preSolution
		{A2308B97-4F83-4DD5-9576-36A2224EC1E2} = {827E0CD3-B72D-47B6-A68D-7590B98EB39B}
		{46541A8A-8FE7-471B-9521-764FD89CCF23} = {827E0CD3-B72D-47B6-A68D-7590B98EB39B}
		{079BB41E-8AFF-4E35-9889-C28F5F3B98EA} = {827E0CD3-B72D-47B6-A68D-7590B98EB39B}
		{70D9A37D-0919-4BB8-8C6B-4585EBE711D0} = {827E0CD3-B72D-47B6-A68D-7590B98EB39B}
		{F8B69394-115A-485B-864A-479436FB6DDA} = {0C876930-7871-467B-B204-618261FA0BB0}
	EndGlobalSection
EndGlobal
